{
    "_readme": [
        "This file locks the dependencies of your project to a known state",
        "Read more about it at https://getcomposer.org/doc/01-basic-usage.md#installing-dependencies",
        "This file is @generated automatically"
    ],
    "content-hash": "57524722f3d296c098fb0794f0a33101",
    "packages": [
        {
            "name": "mantas-done/subtitles",
            "version": "v1.0.21",
            "source": {
                "type": "git",
                "url": "https://github.com/mantas-done/subtitles.git",
                "reference": "0544f53712559f2c716783e91e68697696363de3"
            },
            "dist": {
                "type": "zip",
                "url": "https://api.github.com/repos/mantas-done/subtitles/zipball/0544f53712559f2c716783e91e68697696363de3",
                "reference": "0544f53712559f2c716783e91e68697696363de3",
                "shasum": ""
            },
            "require": {
                "php": ">=7.4"
            },
            "require-dev": {
                "phpunit/phpunit": "^8.0"
            },
            "type": "library",
            "autoload": {
                "psr-4": {
                    "Done\\Subtitles\\": "src/"
                }
            },
            "notification-url": "https://packagist.org/downloads/",
            "description": "Subtitle converter and generator for PHP",
            "support": {
                "issues": "https://github.com/mantas-done/subtitles/issues",
                "source": "https://github.com/mantas-done/subtitles/tree/v1.0.21"
            },
            "time": "2024-02-22T09:43:09+00:00"
        },
        {
            "name": "twbs/bootstrap",
            "version": "v5.3.3",
            "source": {
                "type": "git",
                "url": "https://github.com/twbs/bootstrap.git",
                "reference": "6e1f75f420f68e1d52733b8e407fc7c3766c9dba"
            },
            "dist": {
                "type": "zip",
                "url": "https://api.github.com/repos/twbs/bootstrap/zipball/6e1f75f420f68e1d52733b8e407fc7c3766c9dba",
                "reference": "6e1f75f420f68e1d52733b8e407fc7c3766c9dba",
                "shasum": ""
            },
            "replace": {
                "twitter/bootstrap": "self.version"
            },
            "type": "library",
            "notification-url": "https://packagist.org/downloads/",
            "license": [
                "MIT"
            ],
            "authors": [
                {
                    "name": "Mark Otto",
                    "email": "markdotto@gmail.com"
                },
                {
                    "name": "Jacob Thornton",
                    "email": "jacobthornton@gmail.com"
                }
            ],
            "description": "The most popular front-end framework for developing responsive, mobile first projects on the web.",
            "homepage": "https://getbootstrap.com/",
            "keywords": [
                "JS",
                "css",
                "framework",
                "front-end",
                "mobile-first",
                "responsive",
                "sass",
                "web"
            ],
            "support": {
                "issues": "https://github.com/twbs/bootstrap/issues",
                "source": "https://github.com/twbs/bootstrap/tree/v5.3.3"
            },
            "time": "2024-02-20T15:14:29+00:00"
        }
    ],
    "packages-dev": [],
    "aliases": [],
    "minimum-stability": "dev",
    "stability-flags": [],
    "prefer-stable": false,
    "prefer-lowest": false,
    "platform": [],
    "platform-dev": [],
    "plugin-api-version": "2.3.0"
}
